
Microsoft Visual Studio Solution File, Format Version 12.00
# Visual Studio Version 17
VisualStudioVersion = 17.5.33516.290
MinimumVisualStudioVersion = 10.0.40219.1
Project("{8BC9CEB8-8B4A-11D0-8D11-00A0C91BC942}") = "MT3_00_01", "MT3_00_01.vcxproj", "{C656B7A3-F2F9-4AEE-A5E1-2D983663C6AF}"
EndProject
Global
	GlobalSection(SolutionConfigurationPlatforms) = preSolution
		Debug|x64 = Debug|x64
		Release|x64 = Release|x64
	EndGlobalSection
	GlobalSection(ProjectConfigurationPlatforms) = postSolution
		{C656B7A3-F2F9-4AEE-A5E1-2D983663C6AF}.Debug|x64.ActiveCfg = Debug|x64
		{C656B7A3-F2F9-4AEE-A5E1-2D983663C6AF}.Debug|x64.Build.0 = Debug|x64
		{C656B7A3-F2F9-4AEE-A5E1-2D983663C6AF}.Release|x64.ActiveCfg = Release|x64
		{C656B7A3-F2F9-4AEE-A5E1-2D983663C6AF}.Release|x64.Build.0 = Release|x64
	EndGlobalSection
	GlobalSection(SolutionProperties) = preSolution
		HideSolutionNode = FALSE
	EndGlobalSection
	GlobalSection(ExtensibilityGlobals) = postSolution
		SolutionGuid = {7FB19535-A3CB-4929-A40B-ED242739076E}
	EndGlobalSection
EndGlobal
